{
  "version": "5",
  "redirects": {
    "https://esm.sh/@supabase/supabase-js@2": "https://esm.sh/@supabase/supabase-js@2.50.0"
  },
  "remote": {
    "https://esm.sh/@supabase/supabase-js@2.50.0": "08871b551234bdcaf766bf2f864b8c00b6d7f92a66d23045596624e4b6c5d762"
  },
  "workspace": {
    "packageJson": {
      "dependencies": [
        "npm:@chromatic-com/storybook@^4.1.1",
        "npm:@dnd-kit/core@^6.3.1",
        "npm:@dnd-kit/sortable@10",
        "npm:@hookform/resolvers@^4.1.3",
        "npm:@playwright/experimental-ct-react@^1.52.0",
        "npm:@playwright/test@^1.52.0",
        "npm:@radix-ui/react-alert-dialog@^1.1.14",
        "npm:@radix-ui/react-checkbox@^1.3.2",
        "npm:@radix-ui/react-dialog@^1.1.14",
        "npm:@radix-ui/react-label@^2.1.7",
        "npm:@radix-ui/react-select@^2.2.5",
        "npm:@radix-ui/react-slot@^1.2.3",
        "npm:@radix-ui/react-toast@^1.2.6",
        "npm:@storybook/addon-docs@^9.1.10",
        "npm:@storybook/addon-onboarding@^9.1.10",
        "npm:@storybook/addon-vitest@9.1.10",
        "npm:@storybook/nextjs-vite@^9.1.10",
        "npm:@storybook/react@^9.1.10",
        "npm:@supabase/auth-ui-react@~0.4.7",
        "npm:@supabase/auth-ui-shared@~0.1.8",
        "npm:@supabase/ssr@0.7",
        "npm:@supabase/supabase-js@^2.80.0",
        "npm:@testing-library/dom@^10.4.1",
        "npm:@testing-library/jest-dom@^6.6.3",
        "npm:@testing-library/react@^16.3.0",
        "npm:@types/jest@^29.5.14",
        "npm:@types/leaflet@^1.9.18",
        "npm:@types/node@^20.17.50",
        "npm:@types/react-dom@18",
        "npm:@types/react@18",
        "npm:class-variance-authority@~0.7.1",
        "npm:clsx@^2.1.1",
        "npm:cmdk@^1.1.1",
        "npm:date-fns@^3.6.0",
        "npm:effect@^3.19.4",
        "npm:eslint-config-next@^15.3.2",
        "npm:eslint-plugin-storybook@^9.1.10",
        "npm:eslint@^9.27.0",
        "npm:geist@^1.4.2",
        "npm:jest-environment-jsdom@^30.0.2",
        "npm:jest@^29.7.0",
        "npm:jiti@^2.4.2",
        "npm:knip@^5.58.0",
        "npm:leaflet@^1.9.4",
        "npm:lint-staged@^15.2.7",
        "npm:lucide-react@0.475",
        "npm:neverthrow@^8.2.0",
        "npm:next@^15.3.2",
        "npm:postcss-load-config@^6.0.1",
        "npm:postcss@8",
        "npm:react-dom@^19.0.0-rc.1",
        "npm:react-hook-form@^7.57.0",
        "npm:react-leaflet@^5.0.0-rc.2",
        "npm:react@^19.0.0-rc.1",
        "npm:recharts@^2.15.3",
        "npm:storybook@^9.1.10",
        "npm:tailwind-merge@^3.0.1",
        "npm:tailwindcss-animate@^1.0.7",
        "npm:tailwindcss@^3.4.1",
        "npm:typescript-eslint@^8.34.1",
        "npm:typescript@^5.8.3",
        "npm:use-debounce@^10.0.6",
        "npm:zod@^3.25.56",
        "npm:zustand@^5.0.7"
      ]
    }
  }
}
